
Microsoft Visual Studio Solution File, Format Version 12.00
# Visual Studio Version 16
VisualStudioVersion = 16.0.29613.14
MinimumVisualStudioVersion = 10.0.40219.1
Project("{FAE04EC0-301F-11D3-BF4B-00C04F79EFBC}") = "EntityFrameworkCodeFrist", "EntityFrameworkCodeFrist\EntityFrameworkCodeFrist.csproj", "{E836EA5B-58C6-46E1-B636-1CEC543BE50D}"
EndProject
Global
	GlobalSection(SolutionConfigurationPlatforms) = preSolution
		Debug|Any CPU = Debug|Any CPU
		Release|Any CPU = Release|Any CPU
	EndGlobalSection
	GlobalSection(ProjectConfigurationPlatforms) = postSolution
		{E836EA5B-58C6-46E1-B636-1CEC543BE50D}.Debug|Any CPU.ActiveCfg = Debug|Any CPU
		{E836EA5B-58C6-46E1-B636-1CEC543BE50D}.Debug|Any CPU.Build.0 = Debug|Any CPU
		{E836EA5B-58C6-46E1-B636-1CEC543BE50D}.Release|Any CPU.ActiveCfg = Release|Any CPU
		{E836EA5B-58C6-46E1-B636-1CEC543BE50D}.Release|Any CPU.Build.0 = Release|Any CPU
	EndGlobalSection
	GlobalSection(SolutionProperties) = preSolution
		HideSolutionNode = FALSE
	EndGlobalSection
	GlobalSection(ExtensibilityGlobals) = postSolution
		SolutionGuid = {E952C3F7-3A6A-4F62-ACB4-5FDCFAF8A820}
	EndGlobalSection
EndGlobal
