
Microsoft Visual Studio Solution File, Format Version 12.00
# Visual Studio Version 16
VisualStudioVersion = 16.0.29613.14
MinimumVisualStudioVersion = 10.0.40219.1
Project("{FAE04EC0-301F-11D3-BF4B-00C04F79EFBC}") = "ASP.NETMVCwidthLampdaExpression", "ASP.NETMVCwidthLampdaExpression\ASP.NETMVCwidthLampdaExpression.csproj", "{1CDC5A53-391D-4759-97C0-EDA332F1D102}"
EndProject
Global
	GlobalSection(SolutionConfigurationPlatforms) = preSolution
		Debug|Any CPU = Debug|Any CPU
		Release|Any CPU = Release|Any CPU
	EndGlobalSection
	GlobalSection(ProjectConfigurationPlatforms) = postSolution
		{1CDC5A53-391D-4759-97C0-EDA332F1D102}.Debug|Any CPU.ActiveCfg = Debug|Any CPU
		{1CDC5A53-391D-4759-97C0-EDA332F1D102}.Debug|Any CPU.Build.0 = Debug|Any CPU
		{1CDC5A53-391D-4759-97C0-EDA332F1D102}.Release|Any CPU.ActiveCfg = Release|Any CPU
		{1CDC5A53-391D-4759-97C0-EDA332F1D102}.Release|Any CPU.Build.0 = Release|Any CPU
	EndGlobalSection
	GlobalSection(SolutionProperties) = preSolution
		HideSolutionNode = FALSE
	EndGlobalSection
	GlobalSection(ExtensibilityGlobals) = postSolution
		SolutionGuid = {D71B787E-0989-4742-9FDF-479819D2057B}
	EndGlobalSection
EndGlobal
